{
  "requires": true,
  "lockfileVersion": 1,
  "dependencies": {
    "react-horizontal-scrolling": {
      "version": "0.1.8",
      "resolved": "https://registry.npmjs.org/react-horizontal-scrolling/-/react-horizontal-scrolling-0.1.8.tgz",
      "integrity": "sha512-jTHoLwBSwMakYkVc65t+LKSGXRKZT04drE6LP7rIOK13JcJoQUGPwhoiWMChXFeHlpfDrLpPZJPWz1sJuKTnUA=="
    }
  }
}
